
Microsoft Visual Studio Solution File, Format Version 12.00
# Visual Studio 15
VisualStudioVersion = 15.0.27428.2043
MinimumVisualStudioVersion = 10.0.40219.1
Project("{F184B08F-C81C-45F6-A57F-5ABD9991F28F}") = "Emin", "Emin.vbproj", "{48FD56FB-3160-4351-88F5-69A45AE2F58B}"
EndProject
Global
	GlobalSection(SolutionConfigurationPlatforms) = preSolution
		Debug|x86 = Debug|x86
		Release|x86 = Release|x86
	EndGlobalSection
	GlobalSection(ProjectConfigurationPlatforms) = postSolution
		{48FD56FB-3160-4351-88F5-69A45AE2F58B}.Debug|x86.ActiveCfg = Debug|x86
		{48FD56FB-3160-4351-88F5-69A45AE2F58B}.Debug|x86.Build.0 = Debug|x86
		{48FD56FB-3160-4351-88F5-69A45AE2F58B}.Release|x86.ActiveCfg = Release|x86
		{48FD56FB-3160-4351-88F5-69A45AE2F58B}.Release|x86.Build.0 = Release|x86
	EndGlobalSection
	GlobalSection(SolutionProperties) = preSolution
		HideSolutionNode = FALSE
	EndGlobalSection
	GlobalSection(ExtensibilityGlobals) = postSolution
		SolutionGuid = {46995C58-D685-48FB-8453-996F174F161B}
	EndGlobalSection
EndGlobal
